{
    "_readme": [
        "This file locks the dependencies of your project to a known state",
        "Read more about it at https://getcomposer.org/doc/01-basic-usage.md#installing-dependencies",
        "This file is @generated automatically"
    ],
    "content-hash": "eb539e631fc4ac58ac3601fe263f642f",
    "packages": [
        {
            "name": "elbiniou/phi-core",
            "version": "0.1.0",
            "source": {
                "type": "git",
                "url": "https://github.com/ElBiniou/phi-core.git",
                "reference": "51f186b3c3469e8eaec6f5cb7ae0fd7c4d01c165"
            },
            "dist": {
                "type": "zip",
                "url": "https://api.github.com/repos/ElBiniou/phi-core/zipball/51f186b3c3469e8eaec6f5cb7ae0fd7c4d01c165",
                "reference": "51f186b3c3469e8eaec6f5cb7ae0fd7c4d01c165",
                "shasum": ""
            },
            "type": "library",
            "autoload": {
                "psr-4": {
                    "Phi\\Core\\": "source/class"
                }
            },
            "description": "A framework for people who don't like frameworks",
            "support": {
                "source": "https://github.com/ElBiniou/phi-core/tree/0.1.0",
                "issues": "https://github.com/ElBiniou/phi-core/issues"
            },
            "time": "2020-01-04T13:17:20+00:00"
        }
    ],
    "packages-dev": [],
    "aliases": [],
    "minimum-stability": "stable",
    "stability-flags": [],
    "prefer-stable": false,
    "prefer-lowest": false,
    "platform": [],
    "platform-dev": []
}
